
Microsoft Visual Studio Solution File, Format Version 12.00
# Visual Studio Version 17
VisualStudioVersion = 17.10.35027.167
MinimumVisualStudioVersion = 10.0.40219.1
Project("{FAE04EC0-301F-11D3-BF4B-00C04F79EFBC}") = "WebApplication2", "WebApplication2\WebApplication2.csproj", "{8D1B74A7-C1AC-4FD5-BF7C-57706DAA2FEE}"
EndProject
Global
	GlobalSection(SolutionConfigurationPlatforms) = preSolution
		Debug|Any CPU = Debug|Any CPU
		Release|Any CPU = Release|Any CPU
	EndGlobalSection
	GlobalSection(ProjectConfigurationPlatforms) = postSolution
		{8D1B74A7-C1AC-4FD5-BF7C-57706DAA2FEE}.Debug|Any CPU.ActiveCfg = Debug|Any CPU
		{8D1B74A7-C1AC-4FD5-BF7C-57706DAA2FEE}.Debug|Any CPU.Build.0 = Debug|Any CPU
		{8D1B74A7-C1AC-4FD5-BF7C-57706DAA2FEE}.Release|Any CPU.ActiveCfg = Release|Any CPU
		{8D1B74A7-C1AC-4FD5-BF7C-57706DAA2FEE}.Release|Any CPU.Build.0 = Release|Any CPU
	EndGlobalSection
	GlobalSection(SolutionProperties) = preSolution
		HideSolutionNode = FALSE
	EndGlobalSection
	GlobalSection(ExtensibilityGlobals) = postSolution
		SolutionGuid = {5EBE4E0F-9156-41E0-879C-F1C63EB2989D}
	EndGlobalSection
EndGlobal
